
Microsoft Visual Studio Solution File, Format Version 12.00
# Visual Studio Version 17
VisualStudioVersion = 17.14.36408.4 d17.14
MinimumVisualStudioVersion = 10.0.40219.1
Project("{FAE04EC0-301F-11D3-BF4B-00C04F79EFBC}") = "MyPluginTemplate", "MyPluginTemplate\MyPluginTemplate.csproj", "{99FA75C8-BE6F-44CE-9E58-0A1185D6E4C7}"
EndProject
Global
	GlobalSection(SolutionConfigurationPlatforms) = preSolution
		Debug|Any CPU = Debug|Any CPU
		Release|Any CPU = Release|Any CPU
	EndGlobalSection
	GlobalSection(ProjectConfigurationPlatforms) = postSolution
		{99FA75C8-BE6F-44CE-9E58-0A1185D6E4C7}.Debug|Any CPU.ActiveCfg = Debug|Any CPU
		{99FA75C8-BE6F-44CE-9E58-0A1185D6E4C7}.Debug|Any CPU.Build.0 = Debug|Any CPU
		{99FA75C8-BE6F-44CE-9E58-0A1185D6E4C7}.Release|Any CPU.ActiveCfg = Release|Any CPU
		{99FA75C8-BE6F-44CE-9E58-0A1185D6E4C7}.Release|Any CPU.Build.0 = Release|Any CPU
	EndGlobalSection
	GlobalSection(SolutionProperties) = preSolution
		HideSolutionNode = FALSE
	EndGlobalSection
	GlobalSection(ExtensibilityGlobals) = postSolution
		SolutionGuid = {29BEC674-59AF-427C-9822-9CDC20B4769B}
	EndGlobalSection
EndGlobal
