
Microsoft Visual Studio Solution File, Format Version 12.00
# Visual Studio Version 17
VisualStudioVersion = 17.14.36408.4
MinimumVisualStudioVersion = 10.0.40219.1
Project("{FAE04EC0-301F-11D3-BF4B-00C04F79EFBC}") = "MyCommonLibrary.Revit", "src\MyCommonLibrary.Revit\MyCommonLibrary.Revit.csproj", "{A1352F5A-077D-4E67-A4E0-72CCC99F51C7}"
EndProject
Project("{FAE04EC0-301F-11D3-BF4B-00C04F79EFBC}") = "MyCommonLibrary.WPF", "src\MyCommonLibrary.WPF\MyCommonLibrary.WPF.csproj", "{4C2613FB-2FB7-427D-ACE1-D065ED4BA1E4}"
EndProject
Project("{FAE04EC0-301F-11D3-BF4B-00C04F79EFBC}") = "MyCommonLibrary.Core", "src\MyCommonLibrary.Core\MyCommonLibrary.Core.csproj", "{91685080-B681-48EA-9D2F-ECBB38F002EF}"
EndProject
Global
	GlobalSection(SolutionConfigurationPlatforms) = preSolution
		Debug|Any CPU = Debug|Any CPU
		Release|Any CPU = Release|Any CPU
	EndGlobalSection
	GlobalSection(ProjectConfigurationPlatforms) = postSolution
		{A1352F5A-077D-4E67-A4E0-72CCC99F51C7}.Debug|Any CPU.ActiveCfg = Debug|Any CPU
		{A1352F5A-077D-4E67-A4E0-72CCC99F51C7}.Debug|Any CPU.Build.0 = Debug|Any CPU
		{A1352F5A-077D-4E67-A4E0-72CCC99F51C7}.Release|Any CPU.ActiveCfg = Release|Any CPU
		{A1352F5A-077D-4E67-A4E0-72CCC99F51C7}.Release|Any CPU.Build.0 = Release|Any CPU
		{4C2613FB-2FB7-427D-ACE1-D065ED4BA1E4}.Debug|Any CPU.ActiveCfg = Debug|Any CPU
		{4C2613FB-2FB7-427D-ACE1-D065ED4BA1E4}.Debug|Any CPU.Build.0 = Debug|Any CPU
		{4C2613FB-2FB7-427D-ACE1-D065ED4BA1E4}.Release|Any CPU.ActiveCfg = Release|Any CPU
		{4C2613FB-2FB7-427D-ACE1-D065ED4BA1E4}.Release|Any CPU.Build.0 = Release|Any CPU
		{91685080-B681-48EA-9D2F-ECBB38F002EF}.Debug|Any CPU.ActiveCfg = Debug|Any CPU
		{91685080-B681-48EA-9D2F-ECBB38F002EF}.Debug|Any CPU.Build.0 = Debug|Any CPU
		{91685080-B681-48EA-9D2F-ECBB38F002EF}.Release|Any CPU.ActiveCfg = Release|Any CPU
		{91685080-B681-48EA-9D2F-ECBB38F002EF}.Release|Any CPU.Build.0 = Release|Any CPU
	EndGlobalSection
	GlobalSection(SolutionProperties) = preSolution
		HideSolutionNode = FALSE
	EndGlobalSection
	GlobalSection(ExtensibilityGlobals) = postSolution
		SolutionGuid = {DC8CD009-BBA0-4C4A-AE9B-B82E21B7225D}
	EndGlobalSection
EndGlobal
